{
  "requires": true,
  "lockfileVersion": 1,
  "dependencies": {
    "convar": {
      "version": "1.1.7",
      "resolved": "https://registry.npmjs.org/convar/-/convar-1.1.7.tgz",
      "integrity": "sha1-CrGQdQSjcebAAG1AExTqfiQxfFo=",
      "requires": {
        "envar": "^1.0.0",
        "jsonic": "^0.1.1",
        "lodash": "^2.4.1",
        "packpath": "^0.1.0"
      }
    },
    "deeply": {
      "version": "0.1.0",
      "resolved": "https://registry.npmjs.org/deeply/-/deeply-0.1.0.tgz",
      "integrity": "sha1-2zaG+mjSjLkByiTzyXBc1qBzVPg="
    },
    "envar": {
      "version": "1.0.0",
      "resolved": "https://registry.npmjs.org/envar/-/envar-1.0.0.tgz",
      "integrity": "sha1-tF0Dqsnb6ypGuril0oyzFpftMSw=",
      "requires": {
        "deeply": "~0.1.0",
        "optimist": "~0.6.0"
      }
    },
    "firebase": {
      "version": "2.4.2",
      "resolved": "https://registry.npmjs.org/firebase/-/firebase-2.4.2.tgz",
      "integrity": "sha1-ThEZ7AOWylYdinrL/xYw/qxsCjE=",
      "requires": {
        "faye-websocket": ">=0.6.0"
      },
      "dependencies": {
        "faye-websocket": {
          "version": "0.9.3",
          "resolved": "https://registry.npmjs.org/faye-websocket/-/faye-websocket-0.9.3.tgz",
          "integrity": "sha1-SCpQWw3wrmJrlphm0710DNuWLoM=",
          "requires": {
            "websocket-driver": ">=0.5.1"
          },
          "dependencies": {
            "websocket-driver": {
              "version": "0.5.2",
              "resolved": "https://registry.npmjs.org/websocket-driver/-/websocket-driver-0.5.2.tgz",
              "integrity": "sha1-jHyF2gcTtAYFVrTXHAF3XuEmnrk=",
              "requires": {
                "websocket-extensions": ">=0.1.1"
              },
              "dependencies": {
                "websocket-extensions": {
                  "version": "0.1.1",
                  "resolved": "https://registry.npmjs.org/websocket-extensions/-/websocket-extensions-0.1.1.tgz",
                  "integrity": "sha1-domUmcGEtu91Q3fC27DNbLVdKec="
                }
              }
            }
          }
        }
      }
    },
    "firebase-init": {
      "version": "1.3.2",
      "resolved": "https://registry.npmjs.org/firebase-init/-/firebase-init-1.3.2.tgz",
      "integrity": "sha1-m++tkCdL86bnzJM0atFBuv9Vetw=",
      "requires": {
        "convar": "^1.1.1",
        "firebase": "^2.2.3",
        "firebase-token-generator": "^2.0.0",
        "jsonic": "^0.1.2"
      }
    },
    "firebase-token-generator": {
      "version": "2.0.0",
      "resolved": "https://registry.npmjs.org/firebase-token-generator/-/firebase-token-generator-2.0.0.tgz",
      "integrity": "sha1-l2fXWewTq9yZuhFf1eqZ2Lk9EgY="
    },
    "jsonic": {
      "version": "0.1.2",
      "resolved": "https://registry.npmjs.org/jsonic/-/jsonic-0.1.2.tgz",
      "integrity": "sha1-N6v0MSNkWgzSncuoK7u1LW91A7M="
    },
    "lodash": {
      "version": "2.4.2",
      "resolved": "https://registry.npmjs.org/lodash/-/lodash-2.4.2.tgz",
      "integrity": "sha1-+t2DS5aDBz2hebPq5tnA0VBT9z4="
    },
    "minimist": {
      "version": "0.0.10",
      "resolved": "https://registry.npmjs.org/minimist/-/minimist-0.0.10.tgz",
      "integrity": "sha1-3j+YVD2/lggr5IrRoMfNqDYwHc8="
    },
    "optimist": {
      "version": "0.6.1",
      "resolved": "https://registry.npmjs.org/optimist/-/optimist-0.6.1.tgz",
      "integrity": "sha1-2j6nRob6IaGaERwybpDrFaAZZoY=",
      "requires": {
        "minimist": "~0.0.1",
        "wordwrap": "~0.0.2"
      }
    },
    "packpath": {
      "version": "0.1.0",
      "resolved": "https://registry.npmjs.org/packpath/-/packpath-0.1.0.tgz",
      "integrity": "sha1-pSFTQiLf6qnGEu8MZA7DmRSezdg="
    },
    "wordwrap": {
      "version": "0.0.3",
      "resolved": "https://registry.npmjs.org/wordwrap/-/wordwrap-0.0.3.tgz",
      "integrity": "sha1-o9XabNXAvAAI03I0u68b7WMFkQc="
    }
  }
}
